{
  "name": "chatbot-module",
  "version": "1.0.0",
  "lockfileVersion": 3,
  "requires": true,
  "packages": {
    "": {
      "name": "chatbot-module",
      "version": "1.0.0",
      "license": "ISC",
      "dependencies": {
        "@langchain/community": "^0.3.4",
        "@langchain/core": "^0.3.8",
        "@langchain/google-genai": "^0.1.0",
        "@langchain/openai": "^0.3.5",
        "@langchain/textsplitters": "^0.1.0",
        "cors": "^2.8.5",
        "dotenv": "^16.4.5",
        "express": "^4.21.1",
        "pdf-parse": "^1.1.1"
      }
    },
    "node_modules/@google/generative-ai": {
      "version": "0.7.1",
      "resolved": "https://registry.npmjs.org/@google/generative-ai/-/generative-ai-0.7.1.tgz",
      "integrity": "sha512-WTjMLLYL/xfA5BW6xAycRPiAX7FNHKAxrid/ayqC1QMam0KAK0NbMeS9Lubw80gVg5xFMLE+H7pw4wdNzTOlxw==",
      "engines": {
        "node": ">=18.0.0"
      }
    },
    "node_modules/@langchain/community": {
      "version": "0.3.4",
      "resolved": "https://registry.npmjs.org/@langchain/community/-/community-0.3.4.tgz",
      "integrity": "sha512-CLHjqxjWQnujofE40JNGsZuEruf0JCUxplbqNJoLKxbyx9JUD6kUnOpdoIuyywZWyBKwbLWZdCymlGzjokt3XQ==",
      "dependencies": {
        "@langchain/openai": ">=0.2.0 <0.4.0",
        "binary-extensions": "^2.2.0",
        "expr-eval": "^2.0.2",
        "flat": "^5.0.2",
        "js-yaml": "^4.1.0",
        "langchain": ">=0.2.3 <0.4.0",
        "langsmith": "~0.1.56",
        "uuid": "^10.0.0",
        "zod": "^3.22.3",
        "zod-to-json-schema": "^3.22.5"
      },
      "engines": {
        "node": ">=18"
      },
      "peerDependencies": {
        "@arcjet/redact": "^v1.0.0-alpha.23",
        "@aws-crypto/sha256-js": "^5.0.0",
        "@aws-sdk/client-bedrock-agent-runtime": "^3.583.0",
        "@aws-sdk/client-bedrock-runtime": "^3.422.0",
        "@aws-sdk/client-dynamodb": "^3.310.0",
        "@aws-sdk/client-kendra": "^3.352.0",
        "@aws-sdk/client-lambda": "^3.310.0",
        "@aws-sdk/client-s3": "^3.310.0",
        "@aws-sdk/client-sagemaker-runtime": "^3.310.0",
        "@aws-sdk/client-sfn": "^3.310.0",
        "@aws-sdk/credential-provider-node": "^3.388.0",
        "@azure/search-documents": "^12.0.0",
        "@azure/storage-blob": "^12.15.0",
        "@browserbasehq/sdk": "*",
        "@clickhouse/client": "^0.2.5",
        "@cloudflare/ai": "*",
        "@datastax/astra-db-ts": "^1.0.0",
        "@elastic/elasticsearch": "^8.4.0",
        "@getmetal/metal-sdk": "*",
        "@getzep/zep-cloud": "^1.0.6",
        "@getzep/zep-js": "^0.9.0",
        "@gomomento/sdk": "^1.51.1",
        "@gomomento/sdk-core": "^1.51.1",
        "@google-ai/generativelanguage": "*",
        "@google-cloud/storage": "^6.10.1 || ^7.7.0",
        "@gradientai/nodejs-sdk": "^1.2.0",
        "@huggingface/inference": "^2.6.4",
        "@langchain/core": ">=0.2.21 <0.4.0",
        "@layerup/layerup-security": "^1.5.12",
        "@mendable/firecrawl-js": "^0.0.13",
        "@mlc-ai/web-llm": "*",
        "@mozilla/readability": "*",
        "@neondatabase/serverless": "*",
        "@notionhq/client": "^2.2.10",
        "@opensearch-project/opensearch": "*",
        "@pinecone-database/pinecone": "*",
        "@planetscale/database": "^1.8.0",
        "@premai/prem-sdk": "^0.3.25",
        "@qdrant/js-client-rest": "^1.8.2",
        "@raycast/api": "^1.55.2",
        "@rockset/client": "^0.9.1",
        "@smithy/eventstream-codec": "^2.0.5",
        "@smithy/protocol-http": "^3.0.6",
        "@smithy/signature-v4": "^2.0.10",
        "@smithy/util-utf8": "^2.0.0",
        "@spider-cloud/spider-client": "^0.0.21",
        "@supabase/supabase-js": "^2.45.0",
        "@tensorflow-models/universal-sentence-encoder": "*",
        "@tensorflow/tfjs-converter": "*",
        "@tensorflow/tfjs-core": "*",
        "@upstash/ratelimit": "^1.1.3 || ^2.0.3",
        "@upstash/redis": "^1.20.6",
        "@upstash/vector": "^1.1.1",
        "@vercel/kv": "^0.2.3",
        "@vercel/postgres": "^0.5.0",
        "@writerai/writer-sdk": "^0.40.2",
        "@xata.io/client": "^0.28.0",
        "@xenova/transformers": "^2.17.2",
        "@zilliz/milvus2-sdk-node": ">=2.3.5",
        "apify-client": "^2.7.1",
        "assemblyai": "^4.6.0",
        "better-sqlite3": ">=9.4.0 <12.0.0",
        "cassandra-driver": "^4.7.2",
        "cborg": "^4.1.1",
        "cheerio": "^1.0.0-rc.12",
        "chromadb": "*",
        "closevector-common": "0.1.3",
        "closevector-node": "0.1.6",
        "closevector-web": "0.1.6",
        "cohere-ai": "*",
        "convex": "^1.3.1",
        "crypto-js": "^4.2.0",
        "d3-dsv": "^2.0.0",
        "discord.js": "^14.14.1",
        "dria": "^0.0.3",
        "duck-duck-scrape": "^2.2.5",
        "epub2": "^3.0.1",
        "faiss-node": "^0.5.1",
        "firebase-admin": "^11.9.0 || ^12.0.0",
        "google-auth-library": "*",
        "googleapis": "*",
        "hnswlib-node": "^3.0.0",
        "html-to-text": "^9.0.5",
        "ignore": "^5.2.0",
        "interface-datastore": "^8.2.11",
        "ioredis": "^5.3.2",
        "it-all": "^3.0.4",
        "jsdom": "*",
        "jsonwebtoken": "^9.0.2",
        "llmonitor": "^0.5.9",
        "lodash": "^4.17.21",
        "lunary": "^0.7.10",
        "mammoth": "^1.6.0",
        "mongodb": ">=5.2.0",
        "mysql2": "^3.9.8",
        "neo4j-driver": "*",
        "notion-to-md": "^3.1.0",
        "officeparser": "^4.0.4",
        "pdf-parse": "1.1.1",
        "pg": "^8.11.0",
        "pg-copy-streams": "^6.0.5",
        "pickleparser": "^0.2.1",
        "playwright": "^1.32.1",
        "portkey-ai": "^0.1.11",
        "puppeteer": "*",
        "pyodide": ">=0.24.1 <0.27.0",
        "redis": "*",
        "replicate": "^0.29.4",
        "sonix-speech-recognition": "^2.1.1",
        "srt-parser-2": "^1.2.3",
        "typeorm": "^0.3.20",
        "typesense": "^1.5.3",
        "usearch": "^1.1.1",
        "vectordb": "^0.1.4",
        "voy-search": "0.6.2",
        "weaviate-ts-client": "*",
        "web-auth-library": "^1.0.3",
        "ws": "^8.14.2",
        "youtube-transcript": "^1.0.6",
        "youtubei.js": "^9.1.0"
      },
      "peerDependenciesMeta": {
        "@arcjet/redact": {
          "optional": true
        },
        "@aws-crypto/sha256-js": {
          "optional": true
        },
        "@aws-sdk/client-bedrock-agent-runtime": {
          "optional": true
        },
        "@aws-sdk/client-bedrock-runtime": {
          "optional": true
        },
        "@aws-sdk/client-dynamodb": {
          "optional": true
        },
        "@aws-sdk/client-kendra": {
          "optional": true
        },
        "@aws-sdk/client-lambda": {
          "optional": true
        },
        "@aws-sdk/client-s3": {
          "optional": true
        },
        "@aws-sdk/client-sagemaker-runtime": {
          "optional": true
        },
        "@aws-sdk/client-sfn": {
          "optional": true
        },
        "@aws-sdk/credential-provider-node": {
          "optional": true
        },
        "@azure/search-documents": {
          "optional": true
        },
        "@azure/storage-blob": {
          "optional": true
        },
        "@browserbasehq/sdk": {
          "optional": true
        },
        "@clickhouse/client": {
          "optional": true
        },
        "@cloudflare/ai": {
          "optional": true
        },
        "@datastax/astra-db-ts": {
          "optional": true
        },
        "@elastic/elasticsearch": {
          "optional": true
        },
        "@getmetal/metal-sdk": {
          "optional": true
        },
        "@getzep/zep-cloud": {
          "optional": true
        },
        "@getzep/zep-js": {
          "optional": true
        },
        "@gomomento/sdk": {
          "optional": true
        },
        "@gomomento/sdk-core": {
          "optional": true
        },
        "@google-ai/generativelanguage": {
          "optional": true
        },
        "@google-cloud/storage": {
          "optional": true
        },
        "@gradientai/nodejs-sdk": {
          "optional": true
        },
        "@huggingface/inference": {
          "optional": true
        },
        "@layerup/layerup-security": {
          "optional": true
        },
        "@mendable/firecrawl-js": {
          "optional": true
        },
        "@mlc-ai/web-llm": {
          "optional": true
        },
        "@mozilla/readability": {
          "optional": true
        },
        "@neondatabase/serverless": {
          "optional": true
        },
        "@notionhq/client": {
          "optional": true
        },
        "@opensearch-project/opensearch": {
          "optional": true
        },
        "@pinecone-database/pinecone": {
          "optional": true
        },
        "@planetscale/database": {
          "optional": true
        },
        "@premai/prem-sdk": {
          "optional": true
        },
        "@qdrant/js-client-rest": {
          "optional": true
        },
        "@raycast/api": {
          "optional": true
        },
        "@rockset/client": {
          "optional": true
        },
        "@smithy/eventstream-codec": {
          "optional": true
        },
        "@smithy/protocol-http": {
          "optional": true
        },
        "@smithy/signature-v4": {
          "optional": true
        },
        "@smithy/util-utf8": {
          "optional": true
        },
        "@spider-cloud/spider-client": {
          "optional": true
        },
        "@supabase/supabase-js": {
          "optional": true
        },
        "@tensorflow-models/universal-sentence-encoder": {
          "optional": true
        },
        "@tensorflow/tfjs-converter": {
          "optional": true
        },
        "@tensorflow/tfjs-core": {
          "optional": true
        },
        "@upstash/ratelimit": {
          "optional": true
        },
        "@upstash/redis": {
          "optional": true
        },
        "@upstash/vector": {
          "optional": true
        },
        "@vercel/kv": {
          "optional": true
        },
        "@vercel/postgres": {
          "optional": true
        },
        "@writerai/writer-sdk": {
          "optional": true
        },
        "@xata.io/client": {
          "optional": true
        },
        "@xenova/transformers": {
          "optional": true
        },
        "@zilliz/milvus2-sdk-node": {
          "optional": true
        },
        "apify-client": {
          "optional": true
        },
        "assemblyai": {
          "optional": true
        },
        "better-sqlite3": {
          "optional": true
        },
        "cassandra-driver": {
          "optional": true
        },
        "cborg": {
          "optional": true
        },
        "cheerio": {
          "optional": true
        },
        "chromadb": {
          "optional": true
        },
        "closevector-common": {
          "optional": true
        },
        "closevector-node": {
          "optional": true
        },
        "closevector-web": {
          "optional": true
        },
        "cohere-ai": {
          "optional": true
        },
        "convex": {
          "optional": true
        },
        "crypto-js": {
          "optional": true
        },
        "d3-dsv": {
          "optional": true
        },
        "discord.js": {
          "optional": true
        },
        "dria": {
          "optional": true
        },
        "duck-duck-scrape": {
          "optional": true
        },
        "epub2": {
          "optional": true
        },
        "faiss-node": {
          "optional": true
        },
        "firebase-admin": {
          "optional": true
        },
        "google-auth-library": {
          "optional": true
        },
        "googleapis": {
          "optional": true
        },
        "hnswlib-node": {
          "optional": true
        },
        "html-to-text": {
          "optional": true
        },
        "ignore": {
          "optional": true
        },
        "interface-datastore": {
          "optional": true
        },
        "ioredis": {
          "optional": true
        },
        "it-all": {
          "optional": true
        },
        "jsdom": {
          "optional": true
        },
        "jsonwebtoken": {
          "optional": true
        },
        "llmonitor": {
          "optional": true
        },
        "lodash": {
          "optional": true
        },
        "lunary": {
          "optional": true
        },
        "mammoth": {
          "optional": true
        },
        "mongodb": {
          "optional": true
        },
        "mysql2": {
          "optional": true
        },
        "neo4j-driver": {
          "optional": true
        },
        "notion-to-md": {
          "optional": true
        },
        "officeparser": {
          "optional": true
        },
        "pdf-parse": {
          "optional": true
        },
        "pg": {
          "optional": true
        },
        "pg-copy-streams": {
          "optional": true
        },
        "pickleparser": {
          "optional": true
        },
        "playwright": {
          "optional": true
        },
        "portkey-ai": {
          "optional": true
        },
        "puppeteer": {
          "optional": true
        },
        "pyodide": {
          "optional": true
        },
        "redis": {
          "optional": true
        },
        "replicate": {
          "optional": true
        },
        "sonix-speech-recognition": {
          "optional": true
        },
        "srt-parser-2": {
          "optional": true
        },
        "typeorm": {
          "optional": true
        },
        "typesense": {
          "optional": true
        },
        "usearch": {
          "optional": true
        },
        "vectordb": {
          "optional": true
        },
        "voy-search": {
          "optional": true
        },
        "weaviate-ts-client": {
          "optional": true
        },
        "web-auth-library": {
          "optional": true
        },
        "ws": {
          "optional": true
        },
        "youtube-transcript": {
          "optional": true
        },
        "youtubei.js": {
          "optional": true
        }
      }
    },
    "node_modules/@langchain/core": {
      "version": "0.3.8",
      "resolved": "https://registry.npmjs.org/@langchain/core/-/core-0.3.8.tgz",
      "integrity": "sha512-4IaJr1canfQZUJ60yopdI0zANiyaeFMMxn6X29Wxxs2Tws1bSQn5gxNMK51L6QVAVZBFcNCGp/xx88EBOOOm9Q==",
      "dependencies": {
        "ansi-styles": "^5.0.0",
        "camelcase": "6",
        "decamelize": "1.2.0",
        "js-tiktoken": "^1.0.12",
        "langsmith": "^0.1.56",
        "mustache": "^4.2.0",
        "p-queue": "^6.6.2",
        "p-retry": "4",
        "uuid": "^10.0.0",
        "zod": "^3.22.4",
        "zod-to-json-schema": "^3.22.3"
      },
      "engines": {
        "node": ">=18"
      }
    },
    "node_modules/@langchain/google-genai": {
      "version": "0.1.0",
      "resolved": "https://registry.npmjs.org/@langchain/google-genai/-/google-genai-0.1.0.tgz",
      "integrity": "sha512-6rIba77zJVMj+048tLfkCBrkFbfAMiT+AfLEsu5s+CFoFmXMiI/dbKeDL4vhUWrJVb9uL4ZZyrnl0nKxyEKYgA==",
      "dependencies": {
        "@google/generative-ai": "^0.7.0",
        "zod-to-json-schema": "^3.22.4"
      },
      "engines": {
        "node": ">=18"
      },
      "peerDependencies": {
        "@langchain/core": ">=0.2.21 <0.4.0"
      }
    },
    "node_modules/@langchain/openai": {
      "version": "0.3.5",
      "resolved": "https://registry.npmjs.org/@langchain/openai/-/openai-0.3.5.tgz",
      "integrity": "sha512-1bCN+jEpN8IHvZTyr2kCDXHEIL+ZkE2s23tq+V6+b325GyVY2mm2zsuH6zoABCs8ayJbMaiilMJ+9AtFUtFwpw==",
      "dependencies": {
        "js-tiktoken": "^1.0.12",
        "openai": "^4.57.3",
        "zod": "^3.22.4",
        "zod-to-json-schema": "^3.22.3"
      },
      "engines": {
        "node": ">=18"
      },
      "peerDependencies": {
        "@langchain/core": ">=0.2.26 <0.4.0"
      }
    },
    "node_modules/@langchain/textsplitters": {
      "version": "0.1.0",
      "resolved": "https://registry.npmjs.org/@langchain/textsplitters/-/textsplitters-0.1.0.tgz",
      "integrity": "sha512-djI4uw9rlkAb5iMhtLED+xJebDdAG935AdP4eRTB02R7OB/act55Bj9wsskhZsvuyQRpO4O1wQOp85s6T6GWmw==",
      "dependencies": {
        "js-tiktoken": "^1.0.12"
      },
      "engines": {
        "node": ">=18"
      },
      "peerDependencies": {
        "@langchain/core": ">=0.2.21 <0.4.0"
      }
    },
    "node_modules/@types/node": {
      "version": "18.19.55",
      "license": "MIT",
      "dependencies": {
        "undici-types": "~5.26.4"
      }
    },
    "node_modules/@types/node-fetch": {
      "version": "2.6.11",
      "license": "MIT",
      "dependencies": {
        "@types/node": "*",
        "form-data": "^4.0.0"
      }
    },
    "node_modules/@types/retry": {
      "version": "0.12.0",
      "license": "MIT"
    },
    "node_modules/@types/uuid": {
      "version": "10.0.0",
      "license": "MIT"
    },
    "node_modules/abort-controller": {
      "version": "3.0.0",
      "license": "MIT",
      "dependencies": {
        "event-target-shim": "^5.0.0"
      },
      "engines": {
        "node": ">=6.5"
      }
    },
    "node_modules/accepts": {
      "version": "1.3.8",
      "license": "MIT",
      "dependencies": {
        "mime-types": "~2.1.34",
        "negotiator": "0.6.3"
      },
      "engines": {
        "node": ">= 0.6"
      }
    },
    "node_modules/agentkeepalive": {
      "version": "4.5.0",
      "license": "MIT",
      "dependencies": {
        "humanize-ms": "^1.2.1"
      },
      "engines": {
        "node": ">= 8.0.0"
      }
    },
    "node_modules/ansi-styles": {
      "version": "5.2.0",
      "license": "MIT",
      "engines": {
        "node": ">=10"
      },
      "funding": {
        "url": "https://github.com/chalk/ansi-styles?sponsor=1"
      }
    },
    "node_modules/argparse": {
      "version": "2.0.1",
      "resolved": "https://registry.npmjs.org/argparse/-/argparse-2.0.1.tgz",
      "integrity": "sha512-8+9WqebbFzpX9OR+Wa6O29asIogeRMzcGtAINdpMHHyAg10f05aSFVBbcEqGf/PXw1EjAZ+q2/bEBg3DvurK3Q=="
    },
    "node_modules/array-flatten": {
      "version": "1.1.1",
      "license": "MIT"
    },
    "node_modules/asynckit": {
      "version": "0.4.0",
      "license": "MIT"
    },
    "node_modules/base64-js": {
      "version": "1.5.1",
      "funding": [
        {
          "type": "github",
          "url": "https://github.com/sponsors/feross"
        },
        {
          "type": "patreon",
          "url": "https://www.patreon.com/feross"
        },
        {
          "type": "consulting",
          "url": "https://feross.org/support"
        }
      ],
      "license": "MIT"
    },
    "node_modules/binary-extensions": {
      "version": "2.3.0",
      "resolved": "https://registry.npmjs.org/binary-extensions/-/binary-extensions-2.3.0.tgz",
      "integrity": "sha512-Ceh+7ox5qe7LJuLHoY0feh3pHuUDHAcRUeyL2VYghZwfpkNIy/+8Ocg0a3UuSoYzavmylwuLWQOf3hl0jjMMIw==",
      "engines": {
        "node": ">=8"
      },
      "funding": {
        "url": "https://github.com/sponsors/sindresorhus"
      }
    },
    "node_modules/body-parser": {
      "version": "1.20.3",
      "license": "MIT",
      "dependencies": {
        "bytes": "3.1.2",
        "content-type": "~1.0.5",
        "debug": "2.6.9",
        "depd": "2.0.0",
        "destroy": "1.2.0",
        "http-errors": "2.0.0",
        "iconv-lite": "0.4.24",
        "on-finished": "2.4.1",
        "qs": "6.13.0",
        "raw-body": "2.5.2",
        "type-is": "~1.6.18",
        "unpipe": "1.0.0"
      },
      "engines": {
        "node": ">= 0.8",
        "npm": "1.2.8000 || >= 1.4.16"
      }
    },
    "node_modules/bytes": {
      "version": "3.1.2",
      "license": "MIT",
      "engines": {
        "node": ">= 0.8"
      }
    },
    "node_modules/call-bind": {
      "version": "1.0.7",
      "license": "MIT",
      "dependencies": {
        "es-define-property": "^1.0.0",
        "es-errors": "^1.3.0",
        "function-bind": "^1.1.2",
        "get-intrinsic": "^1.2.4",
        "set-function-length": "^1.2.1"
      },
      "engines": {
        "node": ">= 0.4"
      },
      "funding": {
        "url": "https://github.com/sponsors/ljharb"
      }
    },
    "node_modules/camelcase": {
      "version": "6.3.0",
      "license": "MIT",
      "engines": {
        "node": ">=10"
      },
      "funding": {
        "url": "https://github.com/sponsors/sindresorhus"
      }
    },
    "node_modules/combined-stream": {
      "version": "1.0.8",
      "license": "MIT",
      "dependencies": {
        "delayed-stream": "~1.0.0"
      },
      "engines": {
        "node": ">= 0.8"
      }
    },
    "node_modules/commander": {
      "version": "10.0.1",
      "license": "MIT",
      "engines": {
        "node": ">=14"
      }
    },
    "node_modules/content-disposition": {
      "version": "0.5.4",
      "license": "MIT",
      "dependencies": {
        "safe-buffer": "5.2.1"
      },
      "engines": {
        "node": ">= 0.6"
      }
    },
    "node_modules/content-type": {
      "version": "1.0.5",
      "license": "MIT",
      "engines": {
        "node": ">= 0.6"
      }
    },
    "node_modules/cookie": {
      "version": "0.7.1",
      "license": "MIT",
      "engines": {
        "node": ">= 0.6"
      }
    },
    "node_modules/cookie-signature": {
      "version": "1.0.6",
      "license": "MIT"
    },
    "node_modules/cors": {
      "version": "2.8.5",
      "resolved": "https://registry.npmjs.org/cors/-/cors-2.8.5.tgz",
      "integrity": "sha512-KIHbLJqu73RGr/hnbrO9uBeixNGuvSQjul/jdFvS/KFSIH1hWVd1ng7zOHx+YrEfInLG7q4n6GHQ9cDtxv/P6g==",
      "dependencies": {
        "object-assign": "^4",
        "vary": "^1"
      },
      "engines": {
        "node": ">= 0.10"
      }
    },
    "node_modules/debug": {
      "version": "2.6.9",
      "license": "MIT",
      "dependencies": {
        "ms": "2.0.0"
      }
    },
    "node_modules/decamelize": {
      "version": "1.2.0",
      "license": "MIT",
      "engines": {
        "node": ">=0.10.0"
      }
    },
    "node_modules/define-data-property": {
      "version": "1.1.4",
      "license": "MIT",
      "dependencies": {
        "es-define-property": "^1.0.0",
        "es-errors": "^1.3.0",
        "gopd": "^1.0.1"
      },
      "engines": {
        "node": ">= 0.4"
      },
      "funding": {
        "url": "https://github.com/sponsors/ljharb"
      }
    },
    "node_modules/delayed-stream": {
      "version": "1.0.0",
      "license": "MIT",
      "engines": {
        "node": ">=0.4.0"
      }
    },
    "node_modules/depd": {
      "version": "2.0.0",
      "license": "MIT",
      "engines": {
        "node": ">= 0.8"
      }
    },
    "node_modules/destroy": {
      "version": "1.2.0",
      "license": "MIT",
      "engines": {
        "node": ">= 0.8",
        "npm": "1.2.8000 || >= 1.4.16"
      }
    },
    "node_modules/dotenv": {
      "version": "16.4.5",
      "resolved": "https://registry.npmjs.org/dotenv/-/dotenv-16.4.5.tgz",
      "integrity": "sha512-ZmdL2rui+eB2YwhsWzjInR8LldtZHGDoQ1ugH85ppHKwpUHL7j7rN0Ti9NCnGiQbhaZ11FpR+7ao1dNsmduNUg==",
      "engines": {
        "node": ">=12"
      },
      "funding": {
        "url": "https://dotenvx.com"
      }
    },
    "node_modules/ee-first": {
      "version": "1.1.1",
      "license": "MIT"
    },
    "node_modules/encodeurl": {
      "version": "2.0.0",
      "license": "MIT",
      "engines": {
        "node": ">= 0.8"
      }
    },
    "node_modules/es-define-property": {
      "version": "1.0.0",
      "license": "MIT",
      "dependencies": {
        "get-intrinsic": "^1.2.4"
      },
      "engines": {
        "node": ">= 0.4"
      }
    },
    "node_modules/es-errors": {
      "version": "1.3.0",
      "license": "MIT",
      "engines": {
        "node": ">= 0.4"
      }
    },
    "node_modules/escape-html": {
      "version": "1.0.3",
      "license": "MIT"
    },
    "node_modules/etag": {
      "version": "1.8.1",
      "license": "MIT",
      "engines": {
        "node": ">= 0.6"
      }
    },
    "node_modules/event-target-shim": {
      "version": "5.0.1",
      "license": "MIT",
      "engines": {
        "node": ">=6"
      }
    },
    "node_modules/eventemitter3": {
      "version": "4.0.7",
      "license": "MIT"
    },
    "node_modules/expr-eval": {
      "version": "2.0.2",
      "resolved": "https://registry.npmjs.org/expr-eval/-/expr-eval-2.0.2.tgz",
      "integrity": "sha512-4EMSHGOPSwAfBiibw3ndnP0AvjDWLsMvGOvWEZ2F96IGk0bIVdjQisOHxReSkE13mHcfbuCiXw+G4y0zv6N8Eg=="
    },
    "node_modules/express": {
      "version": "4.21.1",
      "resolved": "https://registry.npmjs.org/express/-/express-4.21.1.tgz",
      "integrity": "sha512-YSFlK1Ee0/GC8QaO91tHcDxJiE/X4FbpAyQWkxAvG6AXCuR65YzK8ua6D9hvi/TzUfZMpc+BwuM1IPw8fmQBiQ==",
      "dependencies": {
        "accepts": "~1.3.8",
        "array-flatten": "1.1.1",
        "body-parser": "1.20.3",
        "content-disposition": "0.5.4",
        "content-type": "~1.0.4",
        "cookie": "0.7.1",
        "cookie-signature": "1.0.6",
        "debug": "2.6.9",
        "depd": "2.0.0",
        "encodeurl": "~2.0.0",
        "escape-html": "~1.0.3",
        "etag": "~1.8.1",
        "finalhandler": "1.3.1",
        "fresh": "0.5.2",
        "http-errors": "2.0.0",
        "merge-descriptors": "1.0.3",
        "methods": "~1.1.2",
        "on-finished": "2.4.1",
        "parseurl": "~1.3.3",
        "path-to-regexp": "0.1.10",
        "proxy-addr": "~2.0.7",
        "qs": "6.13.0",
        "range-parser": "~1.2.1",
        "safe-buffer": "5.2.1",
        "send": "0.19.0",
        "serve-static": "1.16.2",
        "setprototypeof": "1.2.0",
        "statuses": "2.0.1",
        "type-is": "~1.6.18",
        "utils-merge": "1.0.1",
        "vary": "~1.1.2"
      },
      "engines": {
        "node": ">= 0.10.0"
      }
    },
    "node_modules/finalhandler": {
      "version": "1.3.1",
      "license": "MIT",
      "dependencies": {
        "debug": "2.6.9",
        "encodeurl": "~2.0.0",
        "escape-html": "~1.0.3",
        "on-finished": "2.4.1",
        "parseurl": "~1.3.3",
        "statuses": "2.0.1",
        "unpipe": "~1.0.0"
      },
      "engines": {
        "node": ">= 0.8"
      }
    },
    "node_modules/flat": {
      "version": "5.0.2",
      "resolved": "https://registry.npmjs.org/flat/-/flat-5.0.2.tgz",
      "integrity": "sha512-b6suED+5/3rTpUBdG1gupIl8MPFCAMA0QXwmljLhvCUKcUvdE4gWky9zpuGCcXHOsz4J9wPGNWq6OKpmIzz3hQ==",
      "bin": {
        "flat": "cli.js"
      }
    },
    "node_modules/form-data": {
      "version": "4.0.0",
      "license": "MIT",
      "dependencies": {
        "asynckit": "^0.4.0",
        "combined-stream": "^1.0.8",
        "mime-types": "^2.1.12"
      },
      "engines": {
        "node": ">= 6"
      }
    },
    "node_modules/form-data-encoder": {
      "version": "1.7.2",
      "license": "MIT"
    },
    "node_modules/formdata-node": {
      "version": "4.4.1",
      "license": "MIT",
      "dependencies": {
        "node-domexception": "1.0.0",
        "web-streams-polyfill": "4.0.0-beta.3"
      },
      "engines": {
        "node": ">= 12.20"
      }
    },
    "node_modules/forwarded": {
      "version": "0.2.0",
      "license": "MIT",
      "engines": {
        "node": ">= 0.6"
      }
    },
    "node_modules/fresh": {
      "version": "0.5.2",
      "license": "MIT",
      "engines": {
        "node": ">= 0.6"
      }
    },
    "node_modules/function-bind": {
      "version": "1.1.2",
      "license": "MIT",
      "funding": {
        "url": "https://github.com/sponsors/ljharb"
      }
    },
    "node_modules/get-intrinsic": {
      "version": "1.2.4",
      "license": "MIT",
      "dependencies": {
        "es-errors": "^1.3.0",
        "function-bind": "^1.1.2",
        "has-proto": "^1.0.1",
        "has-symbols": "^1.0.3",
        "hasown": "^2.0.0"
      },
      "engines": {
        "node": ">= 0.4"
      },
      "funding": {
        "url": "https://github.com/sponsors/ljharb"
      }
    },
    "node_modules/gopd": {
      "version": "1.0.1",
      "license": "MIT",
      "dependencies": {
        "get-intrinsic": "^1.1.3"
      },
      "funding": {
        "url": "https://github.com/sponsors/ljharb"
      }
    },
    "node_modules/has-property-descriptors": {
      "version": "1.0.2",
      "license": "MIT",
      "dependencies": {
        "es-define-property": "^1.0.0"
      },
      "funding": {
        "url": "https://github.com/sponsors/ljharb"
      }
    },
    "node_modules/has-proto": {
      "version": "1.0.3",
      "license": "MIT",
      "engines": {
        "node": ">= 0.4"
      },
      "funding": {
        "url": "https://github.com/sponsors/ljharb"
      }
    },
    "node_modules/has-symbols": {
      "version": "1.0.3",
      "license": "MIT",
      "engines": {
        "node": ">= 0.4"
      },
      "funding": {
        "url": "https://github.com/sponsors/ljharb"
      }
    },
    "node_modules/hasown": {
      "version": "2.0.2",
      "license": "MIT",
      "dependencies": {
        "function-bind": "^1.1.2"
      },
      "engines": {
        "node": ">= 0.4"
      }
    },
    "node_modules/http-errors": {
      "version": "2.0.0",
      "license": "MIT",
      "dependencies": {
        "depd": "2.0.0",
        "inherits": "2.0.4",
        "setprototypeof": "1.2.0",
        "statuses": "2.0.1",
        "toidentifier": "1.0.1"
      },
      "engines": {
        "node": ">= 0.8"
      }
    },
    "node_modules/humanize-ms": {
      "version": "1.2.1",
      "license": "MIT",
      "dependencies": {
        "ms": "^2.0.0"
      }
    },
    "node_modules/iconv-lite": {
      "version": "0.4.24",
      "license": "MIT",
      "dependencies": {
        "safer-buffer": ">= 2.1.2 < 3"
      },
      "engines": {
        "node": ">=0.10.0"
      }
    },
    "node_modules/inherits": {
      "version": "2.0.4",
      "license": "ISC"
    },
    "node_modules/ipaddr.js": {
      "version": "1.9.1",
      "license": "MIT",
      "engines": {
        "node": ">= 0.10"
      }
    },
    "node_modules/js-tiktoken": {
      "version": "1.0.15",
      "resolved": "https://registry.npmjs.org/js-tiktoken/-/js-tiktoken-1.0.15.tgz",
      "integrity": "sha512-65ruOWWXDEZHHbAo7EjOcNxOGasQKbL4Fq3jEr2xsCqSsoOo6VVSqzWQb6PRIqypFSDcma4jO90YP0w5X8qVXQ==",
      "dependencies": {
        "base64-js": "^1.5.1"
      }
    },
    "node_modules/js-yaml": {
      "version": "4.1.0",
      "resolved": "https://registry.npmjs.org/js-yaml/-/js-yaml-4.1.0.tgz",
      "integrity": "sha512-wpxZs9NoxZaJESJGIZTyDEaYpl0FKSA+FB9aJiyemKhMwkxQg63h4T1KJgUGHpTqPDNRcmmYLugrRjJlBtWvRA==",
      "dependencies": {
        "argparse": "^2.0.1"
      },
      "bin": {
        "js-yaml": "bin/js-yaml.js"
      }
    },
    "node_modules/jsonpointer": {
      "version": "5.0.1",
      "resolved": "https://registry.npmjs.org/jsonpointer/-/jsonpointer-5.0.1.tgz",
      "integrity": "sha512-p/nXbhSEcu3pZRdkW1OfJhpsVtW1gd4Wa1fnQc9YLiTfAjn0312eMKimbdIQzuZl9aa9xUGaRlP9T/CJE/ditQ==",
      "engines": {
        "node": ">=0.10.0"
      }
    },
    "node_modules/langchain": {
      "version": "0.3.2",
      "resolved": "https://registry.npmjs.org/langchain/-/langchain-0.3.2.tgz",
      "integrity": "sha512-kd2kz1cS/PIVrLEDFlrZsAasQfPLbY1UqCZbRKa3/QcpB33/n6xPDvXSMfBuKhvNj0bjW6MXDR9HZTduXjJBgg==",
      "dependencies": {
        "@langchain/openai": ">=0.1.0 <0.4.0",
        "@langchain/textsplitters": ">=0.0.0 <0.2.0",
        "js-tiktoken": "^1.0.12",
        "js-yaml": "^4.1.0",
        "jsonpointer": "^5.0.1",
        "langsmith": "^0.1.56-rc.1",
        "openapi-types": "^12.1.3",
        "p-retry": "4",
        "uuid": "^10.0.0",
        "yaml": "^2.2.1",
        "zod": "^3.22.4",
        "zod-to-json-schema": "^3.22.3"
      },
      "engines": {
        "node": ">=18"
      },
      "peerDependencies": {
        "@langchain/anthropic": "*",
        "@langchain/aws": "*",
        "@langchain/cohere": "*",
        "@langchain/core": ">=0.2.21 <0.4.0",
        "@langchain/google-genai": "*",
        "@langchain/google-vertexai": "*",
        "@langchain/groq": "*",
        "@langchain/mistralai": "*",
        "@langchain/ollama": "*",
        "axios": "*",
        "cheerio": "*",
        "handlebars": "^4.7.8",
        "peggy": "^3.0.2",
        "typeorm": "*"
      },
      "peerDependenciesMeta": {
        "@langchain/anthropic": {
          "optional": true
        },
        "@langchain/aws": {
          "optional": true
        },
        "@langchain/cohere": {
          "optional": true
        },
        "@langchain/google-genai": {
          "optional": true
        },
        "@langchain/google-vertexai": {
          "optional": true
        },
        "@langchain/groq": {
          "optional": true
        },
        "@langchain/mistralai": {
          "optional": true
        },
        "@langchain/ollama": {
          "optional": true
        },
        "axios": {
          "optional": true
        },
        "cheerio": {
          "optional": true
        },
        "handlebars": {
          "optional": true
        },
        "peggy": {
          "optional": true
        },
        "typeorm": {
          "optional": true
        }
      }
    },
    "node_modules/langsmith": {
      "version": "0.1.62",
      "license": "MIT",
      "dependencies": {
        "@types/uuid": "^10.0.0",
        "commander": "^10.0.1",
        "p-queue": "^6.6.2",
        "p-retry": "4",
        "semver": "^7.6.3",
        "uuid": "^10.0.0"
      },
      "peerDependencies": {
        "openai": "*"
      },
      "peerDependenciesMeta": {
        "openai": {
          "optional": true
        }
      }
    },
    "node_modules/media-typer": {
      "version": "0.3.0",
      "license": "MIT",
      "engines": {
        "node": ">= 0.6"
      }
    },
    "node_modules/merge-descriptors": {
      "version": "1.0.3",
      "license": "MIT",
      "funding": {
        "url": "https://github.com/sponsors/sindresorhus"
      }
    },
    "node_modules/methods": {
      "version": "1.1.2",
      "license": "MIT",
      "engines": {
        "node": ">= 0.6"
      }
    },
    "node_modules/mime": {
      "version": "1.6.0",
      "license": "MIT",
      "bin": {
        "mime": "cli.js"
      },
      "engines": {
        "node": ">=4"
      }
    },
    "node_modules/mime-db": {
      "version": "1.52.0",
      "license": "MIT",
      "engines": {
        "node": ">= 0.6"
      }
    },
    "node_modules/mime-types": {
      "version": "2.1.35",
      "license": "MIT",
      "dependencies": {
        "mime-db": "1.52.0"
      },
      "engines": {
        "node": ">= 0.6"
      }
    },
    "node_modules/ms": {
      "version": "2.0.0",
      "license": "MIT"
    },
    "node_modules/mustache": {
      "version": "4.2.0",
      "license": "MIT",
      "bin": {
        "mustache": "bin/mustache"
      }
    },
    "node_modules/negotiator": {
      "version": "0.6.3",
      "license": "MIT",
      "engines": {
        "node": ">= 0.6"
      }
    },
    "node_modules/node-domexception": {
      "version": "1.0.0",
      "funding": [
        {
          "type": "github",
          "url": "https://github.com/sponsors/jimmywarting"
        },
        {
          "type": "github",
          "url": "https://paypal.me/jimmywarting"
        }
      ],
      "license": "MIT",
      "engines": {
        "node": ">=10.5.0"
      }
    },
    "node_modules/node-ensure": {
      "version": "0.0.0",
      "resolved": "https://registry.npmjs.org/node-ensure/-/node-ensure-0.0.0.tgz",
      "integrity": "sha512-DRI60hzo2oKN1ma0ckc6nQWlHU69RH6xN0sjQTjMpChPfTYvKZdcQFfdYK2RWbJcKyUizSIy/l8OTGxMAM1QDw=="
    },
    "node_modules/node-fetch": {
      "version": "2.7.0",
      "license": "MIT",
      "dependencies": {
        "whatwg-url": "^5.0.0"
      },
      "engines": {
        "node": "4.x || >=6.0.0"
      },
      "peerDependencies": {
        "encoding": "^0.1.0"
      },
      "peerDependenciesMeta": {
        "encoding": {
          "optional": true
        }
      }
    },
    "node_modules/object-assign": {
      "version": "4.1.1",
      "resolved": "https://registry.npmjs.org/object-assign/-/object-assign-4.1.1.tgz",
      "integrity": "sha512-rJgTQnkUnH1sFw8yT6VSU3zD3sWmu6sZhIseY8VX+GRu3P6F7Fu+JNDoXfklElbLJSnc3FUQHVe4cU5hj+BcUg==",
      "engines": {
        "node": ">=0.10.0"
      }
    },
    "node_modules/object-inspect": {
      "version": "1.13.2",
      "license": "MIT",
      "engines": {
        "node": ">= 0.4"
      },
      "funding": {
        "url": "https://github.com/sponsors/ljharb"
      }
    },
    "node_modules/on-finished": {
      "version": "2.4.1",
      "license": "MIT",
      "dependencies": {
        "ee-first": "1.1.1"
      },
      "engines": {
        "node": ">= 0.8"
      }
    },
    "node_modules/openai": {
      "version": "4.67.3",
      "license": "Apache-2.0",
      "dependencies": {
        "@types/node": "^18.11.18",
        "@types/node-fetch": "^2.6.4",
        "abort-controller": "^3.0.0",
        "agentkeepalive": "^4.2.1",
        "form-data-encoder": "1.7.2",
        "formdata-node": "^4.3.2",
        "node-fetch": "^2.6.7"
      },
      "bin": {
        "openai": "bin/cli"
      },
      "peerDependencies": {
        "zod": "^3.23.8"
      },
      "peerDependenciesMeta": {
        "zod": {
          "optional": true
        }
      }
    },
    "node_modules/openapi-types": {
      "version": "12.1.3",
      "resolved": "https://registry.npmjs.org/openapi-types/-/openapi-types-12.1.3.tgz",
      "integrity": "sha512-N4YtSYJqghVu4iek2ZUvcN/0aqH1kRDuNqzcycDxhOUpg7GdvLa2F3DgS6yBNhInhv2r/6I0Flkn7CqL8+nIcw=="
    },
    "node_modules/p-finally": {
      "version": "1.0.0",
      "license": "MIT",
      "engines": {
        "node": ">=4"
      }
    },
    "node_modules/p-queue": {
      "version": "6.6.2",
      "license": "MIT",
      "dependencies": {
        "eventemitter3": "^4.0.4",
        "p-timeout": "^3.2.0"
      },
      "engines": {
        "node": ">=8"
      },
      "funding": {
        "url": "https://github.com/sponsors/sindresorhus"
      }
    },
    "node_modules/p-retry": {
      "version": "4.6.2",
      "license": "MIT",
      "dependencies": {
        "@types/retry": "0.12.0",
        "retry": "^0.13.1"
      },
      "engines": {
        "node": ">=8"
      }
    },
    "node_modules/p-timeout": {
      "version": "3.2.0",
      "license": "MIT",
      "dependencies": {
        "p-finally": "^1.0.0"
      },
      "engines": {
        "node": ">=8"
      }
    },
    "node_modules/parseurl": {
      "version": "1.3.3",
      "license": "MIT",
      "engines": {
        "node": ">= 0.8"
      }
    },
    "node_modules/path-to-regexp": {
      "version": "0.1.10",
      "license": "MIT"
    },
    "node_modules/pdf-parse": {
      "version": "1.1.1",
      "resolved": "https://registry.npmjs.org/pdf-parse/-/pdf-parse-1.1.1.tgz",
      "integrity": "sha512-v6ZJ/efsBpGrGGknjtq9J/oC8tZWq0KWL5vQrk2GlzLEQPUDB1ex+13Rmidl1neNN358Jn9EHZw5y07FFtaC7A==",
      "dependencies": {
        "debug": "^3.1.0",
        "node-ensure": "^0.0.0"
      },
      "engines": {
        "node": ">=6.8.1"
      }
    },
    "node_modules/pdf-parse/node_modules/debug": {
      "version": "3.2.7",
      "resolved": "https://registry.npmjs.org/debug/-/debug-3.2.7.tgz",
      "integrity": "sha512-CFjzYYAi4ThfiQvizrFQevTTXHtnCqWfe7x1AhgEscTz6ZbLbfoLRLPugTQyBth6f8ZERVUSyWHFD/7Wu4t1XQ==",
      "dependencies": {
        "ms": "^2.1.1"
      }
    },
    "node_modules/pdf-parse/node_modules/ms": {
      "version": "2.1.3",
      "resolved": "https://registry.npmjs.org/ms/-/ms-2.1.3.tgz",
      "integrity": "sha512-6FlzubTLZG3J2a/NVCAleEhjzq5oxgHyaCU9yYXvcLsvoVaHJq/s5xXI6/XXP6tz7R9xAOtHnSO/tXtF3WRTlA=="
    },
    "node_modules/proxy-addr": {
      "version": "2.0.7",
      "license": "MIT",
      "dependencies": {
        "forwarded": "0.2.0",
        "ipaddr.js": "1.9.1"
      },
      "engines": {
        "node": ">= 0.10"
      }
    },
    "node_modules/qs": {
      "version": "6.13.0",
      "license": "BSD-3-Clause",
      "dependencies": {
        "side-channel": "^1.0.6"
      },
      "engines": {
        "node": ">=0.6"
      },
      "funding": {
        "url": "https://github.com/sponsors/ljharb"
      }
    },
    "node_modules/range-parser": {
      "version": "1.2.1",
      "license": "MIT",
      "engines": {
        "node": ">= 0.6"
      }
    },
    "node_modules/raw-body": {
      "version": "2.5.2",
      "license": "MIT",
      "dependencies": {
        "bytes": "3.1.2",
        "http-errors": "2.0.0",
        "iconv-lite": "0.4.24",
        "unpipe": "1.0.0"
      },
      "engines": {
        "node": ">= 0.8"
      }
    },
    "node_modules/retry": {
      "version": "0.13.1",
      "license": "MIT",
      "engines": {
        "node": ">= 4"
      }
    },
    "node_modules/safe-buffer": {
      "version": "5.2.1",
      "funding": [
        {
          "type": "github",
          "url": "https://github.com/sponsors/feross"
        },
        {
          "type": "patreon",
          "url": "https://www.patreon.com/feross"
        },
        {
          "type": "consulting",
          "url": "https://feross.org/support"
        }
      ],
      "license": "MIT"
    },
    "node_modules/safer-buffer": {
      "version": "2.1.2",
      "license": "MIT"
    },
    "node_modules/semver": {
      "version": "7.6.3",
      "license": "ISC",
      "bin": {
        "semver": "bin/semver.js"
      },
      "engines": {
        "node": ">=10"
      }
    },
    "node_modules/send": {
      "version": "0.19.0",
      "license": "MIT",
      "dependencies": {
        "debug": "2.6.9",
        "depd": "2.0.0",
        "destroy": "1.2.0",
        "encodeurl": "~1.0.2",
        "escape-html": "~1.0.3",
        "etag": "~1.8.1",
        "fresh": "0.5.2",
        "http-errors": "2.0.0",
        "mime": "1.6.0",
        "ms": "2.1.3",
        "on-finished": "2.4.1",
        "range-parser": "~1.2.1",
        "statuses": "2.0.1"
      },
      "engines": {
        "node": ">= 0.8.0"
      }
    },
    "node_modules/send/node_modules/encodeurl": {
      "version": "1.0.2",
      "license": "MIT",
      "engines": {
        "node": ">= 0.8"
      }
    },
    "node_modules/send/node_modules/ms": {
      "version": "2.1.3",
      "license": "MIT"
    },
    "node_modules/serve-static": {
      "version": "1.16.2",
      "license": "MIT",
      "dependencies": {
        "encodeurl": "~2.0.0",
        "escape-html": "~1.0.3",
        "parseurl": "~1.3.3",
        "send": "0.19.0"
      },
      "engines": {
        "node": ">= 0.8.0"
      }
    },
    "node_modules/set-function-length": {
      "version": "1.2.2",
      "license": "MIT",
      "dependencies": {
        "define-data-property": "^1.1.4",
        "es-errors": "^1.3.0",
        "function-bind": "^1.1.2",
        "get-intrinsic": "^1.2.4",
        "gopd": "^1.0.1",
        "has-property-descriptors": "^1.0.2"
      },
      "engines": {
        "node": ">= 0.4"
      }
    },
    "node_modules/setprototypeof": {
      "version": "1.2.0",
      "license": "ISC"
    },
    "node_modules/side-channel": {
      "version": "1.0.6",
      "license": "MIT",
      "dependencies": {
        "call-bind": "^1.0.7",
        "es-errors": "^1.3.0",
        "get-intrinsic": "^1.2.4",
        "object-inspect": "^1.13.1"
      },
      "engines": {
        "node": ">= 0.4"
      },
      "funding": {
        "url": "https://github.com/sponsors/ljharb"
      }
    },
    "node_modules/statuses": {
      "version": "2.0.1",
      "license": "MIT",
      "engines": {
        "node": ">= 0.8"
      }
    },
    "node_modules/toidentifier": {
      "version": "1.0.1",
      "license": "MIT",
      "engines": {
        "node": ">=0.6"
      }
    },
    "node_modules/tr46": {
      "version": "0.0.3",
      "license": "MIT"
    },
    "node_modules/type-is": {
      "version": "1.6.18",
      "license": "MIT",
      "dependencies": {
        "media-typer": "0.3.0",
        "mime-types": "~2.1.24"
      },
      "engines": {
        "node": ">= 0.6"
      }
    },
    "node_modules/undici-types": {
      "version": "5.26.5",
      "license": "MIT"
    },
    "node_modules/unpipe": {
      "version": "1.0.0",
      "license": "MIT",
      "engines": {
        "node": ">= 0.8"
      }
    },
    "node_modules/utils-merge": {
      "version": "1.0.1",
      "license": "MIT",
      "engines": {
        "node": ">= 0.4.0"
      }
    },
    "node_modules/uuid": {
      "version": "10.0.0",
      "funding": [
        "https://github.com/sponsors/broofa",
        "https://github.com/sponsors/ctavan"
      ],
      "license": "MIT",
      "bin": {
        "uuid": "dist/bin/uuid"
      }
    },
    "node_modules/vary": {
      "version": "1.1.2",
      "license": "MIT",
      "engines": {
        "node": ">= 0.8"
      }
    },
    "node_modules/web-streams-polyfill": {
      "version": "4.0.0-beta.3",
      "license": "MIT",
      "engines": {
        "node": ">= 14"
      }
    },
    "node_modules/webidl-conversions": {
      "version": "3.0.1",
      "license": "BSD-2-Clause"
    },
    "node_modules/whatwg-url": {
      "version": "5.0.0",
      "license": "MIT",
      "dependencies": {
        "tr46": "~0.0.3",
        "webidl-conversions": "^3.0.0"
      }
    },
    "node_modules/yaml": {
      "version": "2.5.1",
      "resolved": "https://registry.npmjs.org/yaml/-/yaml-2.5.1.tgz",
      "integrity": "sha512-bLQOjaX/ADgQ20isPJRvF0iRUHIxVhYvr53Of7wGcWlO2jvtUlH5m87DsmulFVxRpNLOnI4tB6p/oh8D7kpn9Q==",
      "bin": {
        "yaml": "bin.mjs"
      },
      "engines": {
        "node": ">= 14"
      }
    },
    "node_modules/zod": {
      "version": "3.23.8",
      "license": "MIT",
      "funding": {
        "url": "https://github.com/sponsors/colinhacks"
      }
    },
    "node_modules/zod-to-json-schema": {
      "version": "3.23.3",
      "license": "ISC",
      "peerDependencies": {
        "zod": "^3.23.3"
      }
    }
  }
}
